
Microsoft Visual Studio Solution File, Format Version 12.00
Project("{FAE04EC0-301F-11D3-BF4B-00C04F79EFBC}") = "EnhancedValheimVRM", "EnhancedValheimVRM\EnhancedValheimVRM.csproj", "{56266ABF-B3F1-44F5-8790-D269FE536067}"
EndProject
Global
	GlobalSection(SolutionConfigurationPlatforms) = preSolution
		Debug|Any CPU = Debug|Any CPU
		Release|Any CPU = Release|Any CPU
	EndGlobalSection
	GlobalSection(ProjectConfigurationPlatforms) = postSolution
		{56266ABF-B3F1-44F5-8790-D269FE536067}.Debug|Any CPU.ActiveCfg = Debug|Any CPU
		{56266ABF-B3F1-44F5-8790-D269FE536067}.Debug|Any CPU.Build.0 = Debug|Any CPU
		{56266ABF-B3F1-44F5-8790-D269FE536067}.Release|Any CPU.ActiveCfg = Release|Any CPU
		{56266ABF-B3F1-44F5-8790-D269FE536067}.Release|Any CPU.Build.0 = Release|Any CPU
	EndGlobalSection
EndGlobal
